// !$*UTF8*$!
{
	archiveVersion = 1;
	classes = {
	};
	objectVersion = 46;
	objects = {

/* Begin PBXBuildFile section */
		745A826F1E8A51EC00E87A7B /* main.m in Sources */ = {isa = PBXBuildFile; fileRef = 745A826E1E8A51EC00E87A7B /* main.m */; };
		745A82721E8A51EC00E87A7B /* AppDelegate.m in Sources */ = {isa = PBXBuildFile; fileRef = 745A82711E8A51EC00E87A7B /* AppDelegate.m */; };
		745A82751E8A51EC00E87A7B /* ViewController.m in Sources */ = {isa = PBXBuildFile; fileRef = 745A82741E8A51EC00E87A7B /* ViewController.m */; };
		745A82781E8A51ED00E87A7B /* Main.storyboard in Resources */ = {isa = PBXBuildFile; fileRef = 745A82761E8A51ED00E87A7B /* Main.storyboard */; };
		745A827A1E8A51ED00E87A7B /* Assets.xcassets in Resources */ = {isa = PBXBuildFile; fileRef = 745A82791E8A51ED00E87A7B /* Assets.xcassets */; };
		745A827D1E8A51ED00E87A7B /* LaunchScreen.storyboard in Resources */ = {isa = PBXBuildFile; fileRef = 745A827B1E8A51ED00E87A7B /* LaunchScreen.storyboard */; };
/* End PBXBuildFile section */

/* Begin PBXFileReference section */
		745A826A1E8A51EC00E87A7B /* Testgihub.app */ = {isa = PBXFileReference; explicitFileType = wrapper.application; includeInIndex = 0; path = Testgihub.app; sourceTree = BUILT_PRODUCTS_DIR; };
		745A826E1E8A51EC00E87A7B /* main.m */ = {isa = PBXFileReference; lastKnownFileType = sourcecode.c.objc; path = main.m; sourceTree = "<group>"; };
		745A82701E8A51EC00E87A7B /* AppDelegate.h */ = {isa = PBXFileReference; lastKnownFileType = sourcecode.c.h; path = AppDelegate.h; sourceTree = "<group>"; };
		745A82711E8A51EC00E87A7B /* AppDelegate.m */ = {isa = PBXFileReference; lastKnownFileType = sourcecode.c.objc; path = AppDelegate.m; sourceTree = "<group>"; };
		745A82731E8A51EC00E87A7B /* ViewController.h */ = {isa = PBXFileReference; lastKnownFileType = sourcecode.c.h; path = ViewController.h; sourceTree = "<group>"; };
		745A82741E8A51EC00E87A7B /* ViewController.m */ = {isa = PBXFileReference; lastKnownFileType = sourcecode.c.objc; path = ViewController.m; sourceTree = "<group>"; };
		745A82771E8A51ED00E87A7B /* Base */ = {isa = PBXFileReference; lastKnownFileType = file.storyboard; name = Base; path = Base.lproj/Main.storyboard; sourceTree = "<group>"; };
		745A82791E8A51ED00E87A7B /* Assets.xcassets */ = {isa = PBXFileReference; lastKnownFileType = folder.assetcatalog; path = Assets.xcassets; sourceTree = "<group>"; };
		745A827C1E8A51ED00E87A7B /* Base */ = {isa = PBXFileReference; lastKnownFileType = file.storyboard; name = Base; path = Base.lproj/LaunchScreen.storyboard; sourceTree = "<group>"; };
		745A827E1E8A51ED00E87A7B /* Info.plist */ = {isa = PBXFileReference; lastKnownFileType = text.plist.xml; path = Info.plist; sourceTree = "<group>"; };
/* End PBXFileReference section */

/* Begin PBXFrameworksBuildPhase section */
		745A82671E8A51EC00E87A7B /* Frameworks */ = {
			isa = PBXFrameworksBuildPhase;
			buildActionMask = 2147483647;
			files = (
			);
			runOnlyForDeploymentPostprocessing = 0;
		};
/* End PBXFrameworksBuildPhase section */

/* Begin PBXGroup section */
		745A82611E8A51EB00E87A7B = {
			isa = PBXGroup;
			children = (
				745A826C1E8A51EC00E87A7B /* Testgihub */,
				745A826B1E8A51EC00E87A7B /* Products */,
			);
			sourceTree = "<group>";
		};
		745A826B1E8A51EC00E87A7B /* Products */ = {
			isa = PBXGroup;
			children = (
				745A826A1E8A51EC00E87A7B /* Testgihub.app */,
			);
			name = Products;
			sourceTree = "<group>";
		};
		745A826C1E8A51EC00E87A7B /* Testgihub */ = {
			isa = PBXGroup;
			children = (
				745A82701E8A51EC00E87A7B /* AppDelegate.h */,
				745A82711E8A51EC00E87A7B /* AppDelegate.m */,
				745A82731E8A51EC00E87A7B /* ViewController.h */,
				745A82741E8A51EC00E87A7B /* ViewController.m */,
				745A82761E8A51ED00E87A7B /* Main.storyboard */,
				745A82791E8A51ED00E87A7B /* Assets.xcassets */,
				745A827B1E8A51ED00E87A7B /* LaunchScreen.storyboard */,
				745A827E1E8A51ED00E87A7B /* Info.plist */,
				745A826D1E8A51EC00E87A7B /* Supporting Files */,
			);
			path = Testgihub;
			sourceTree = "<group>";
		};
		745A826D1E8A51EC00E87A7B /* Supporting Files */ = {
			isa = PBXGroup;
			children = (
				745A826E1E8A51EC00E87A7B /* main.m */,
			);
			name = "Supporting Files";
			sourceTree = "<group>";
		};
/* End PBXGroup section */

/* Begin PBXNativeTarget section */
		745A82691E8A51EC00E87A7B /* Testgihub */ = {
			isa = PBXNativeTarget;
			buildConfigurationList = 745A82811E8A51ED00E87A7B /* Build configuration list for PBXNativeTarget "Testgihub" */;
			buildPhases = (
				745A82661E8A51EC00E87A7B /* Sources */,
				745A82671E8A51EC00E87A7B /* Frameworks */,
				745A82681E8A51EC00E87A7B /* Resources */,
			);
			buildRules = (
			);
			dependencies = (
			);
			name = Testgihub;
			productName = Testgihub;
			productReference = 745A826A1E8A51EC00E87A7B /* Testgihub.app */;
			productType = "com.apple.product-type.application";
		};
/* End PBXNativeTarget section */

/* Begin PBXProject section */
		745A82621E8A51EB00E87A7B /* Project object */ = {
			isa = PBXProject;
			attributes = {
				LastUpgradeCheck = 0810;
				ORGANIZATIONNAME = hjwu;
				TargetAttributes = {
					745A82691E8A51EC00E87A7B = {
						CreatedOnToolsVersion = 8.1;
						DevelopmentTeam = FSR27WJ762;
						ProvisioningStyle = Automatic;
					};
				};
			};
			buildConfigurationList = 745A82651E8A51EC00E87A7B /* Build configuration list for PBXProject "Testgihub" */;
			compatibilityVersion = "Xcode 3.2";
			developmentRegion = English;
			hasScannedForEncodings = 0;
			knownRegions = (
				en,
				Base,
			);
			mainGroup = 745A82611E8A51EB00E87A7B;
			productRefGroup = 745A826B1E8A51EC00E87A7B /* Products */;
			projectDirPath = "";
			projectRoot = "";
			targets = (
				745A82691E8A51EC00E87A7B /* Testgihub */,
			);
		};
/* End PBXProject section */

/* Begin PBXResourcesBuildPhase section */
		745A82681E8A51EC00E87A7B /* Resources */ = {
			isa = PBXResourcesBuildPhase;
			buildActionMask = 2147483647;
			files = (
				745A827D1E8A51ED00E87A7B /* LaunchScreen.storyboard in Resources */,
				745A827A1E8A51ED00E87A7B /* Assets.xcassets in Resources */,
				745A82781E8A51ED00E87A7B /* Main.storyboard in Resources */,
			);
			runOnlyForDeploymentPostprocessing = 0;
		};
/* End PBXResourcesBuildPhase section */

/* Begin PBXSourcesBuildPhase section */
		745A82661E8A51EC00E87A7B /* Sources */ = {
			isa = PBXSourcesBuildPhase;
			buildActionMask = 2147483647;
			files = (
				745A82751E8A51EC00E87A7B /* ViewController.m in Sources */,
				745A82721E8A51EC00E87A7B /* AppDelegate.m in Sources */,
				745A826F1E8A51EC00E87A7B /* main.m in Sources */,
			);
			runOnlyForDeploymentPostprocessing = 0;
		};
/* End PBXSourcesBuildPhase section */

/* Begin PBXVariantGroup section */
		745A82761E8A51ED00E87A7B /* Main.storyboard */ = {
			isa = PBXVariantGroup;
			children = (
				745A82771E8A51ED00E87A7B /* Base */,
			);
			name = Main.storyboard;
			sourceTree = "<group>";
		};
		745A827B1E8A51ED00E87A7B /* LaunchScreen.storyboard */ = {
			isa = PBXVariantGroup;
			children = (
				745A827C1E8A51ED00E87A7B /* Base */,
			);
			name = LaunchScreen.storyboard;
			sourceTree = "<group>";
		};
/* End PBXVariantGroup section */

/* Begin XCBuildConfiguration section */
		745A827F1E8A51ED00E87A7B /* Debug */ = {
			isa = XCBuildConfiguration;
			buildSettings = {
				ALWAYS_SEARCH_USER_PATHS = NO;
				CLANG_ANALYZER_NONNULL = YES;
				CLANG_CXX_LANGUAGE_STANDARD = "gnu++0x";
				CLANG_CXX_LIBRARY = "libc++";
				CLANG_ENABLE_MODULES = YES;
				CLANG_ENABLE_OBJC_ARC = YES;
				CLANG_WARN_BOOL_CONVERSION = YES;
				CLANG_WARN_CONSTANT_CONVERSION = YES;
				CLANG_WARN_DIRECT_OBJC_ISA_USAGE = YES_ERROR;
				CLANG_WARN_DOCUMENTATION_COMMENTS = YES;
				CLANG_WARN_EMPTY_BODY = YES;
				CLANG_WARN_ENUM_CONVERSION = YES;
				CLANG_WARN_INFINITE_RECURSION = YES;
				CLANG_WARN_INT_CONVERSION = YES;
				CLANG_WARN_OBJC_ROOT_CLASS = YES_ERROR;
				CLANG_WARN_SUSPICIOUS_MOVES = YES;
				CLANG_WARN_UNREACHABLE_CODE = YES;
				CLANG_WARN__DUPLICATE_METHOD_MATCH = YES;
				"CODE_SIGN_IDENTITY[sdk=iphoneos*]" = "iPhone Developer";
				COPY_PHASE_STRIP = NO;
				DEBUG_INFORMATION_FORMAT = dwarf;
				ENABLE_STRICT_OBJC_MSGSEND = YES;
				ENABLE_TESTABILITY = YES;
				GCC_C_LANGUAGE_STANDARD = gnu99;
				GCC_DYNAMIC_NO_PIC = NO;
				GCC_NO_COMMON_BLOCKS = YES;
				GCC_OPTIMIZATION_LEVEL = 0;
				GCC_PREPROCESSOR_DEFINITIONS = (
					"DEBUG=1",
					"$(inherited)",
				);
				GCC_WARN_64_TO_32_BIT_CONVERSION = YES;
				GCC_WARN_ABOUT_RETURN_TYPE = YES_ERROR;
				GCC_WARN_UNDECLARED_SELECTOR = YES;
				GCC_WARN_UNINITIALIZED_AUTOS = YES_AGGRESSIVE;
				GCC_WARN_UNUSED_FUNCTION = YES;
				GCC_WARN_UNUSED_VARIABLE = YES;
				IPHONEOS_DEPLOYMENT_TARGET = 10.1;
				MTL_ENABLE_DEBUG_INFO = YES;
				ONLY_ACTIVE_ARCH = YES;
				SDKROOT = iphoneos;
				TARGETED_DEVICE_FAMILY = "1,2";
			};
			name = Debug;
		};
		745A82801E8A51ED00E87A7B /* Release */ = {
			isa = XCBuildConfiguration;
			buildSettings = {
				ALWAYS_SEARCH_USER_PATHS = NO;
				CLANG_ANALYZER_NONNULL = YES;
				CLANG_CXX_LANGUAGE_STANDARD = "gnu++0x";
				CLANG_CXX_LIBRARY = "libc++";
				CLANG_ENABLE_MODULES = YES;
				CLANG_ENABLE_OBJC_ARC = YES;
				CLANG_WARN_BOOL_CONVERSION = YES;
				CLANG_WARN_CONSTANT_CONVERSION = YES;
				CLANG_WARN_DIRECT_OBJC_ISA_USAGE = YES_ERROR;
				CLANG_WARN_DOCUMENTATION_COMMENTS = YES;
				CLANG_WARN_EMPTY_BODY = YES;
				CLANG_WARN_ENUM_CONVERSION = YES;
				CLANG_WARN_INFINITE_RECURSION = YES;
				CLANG_WARN_INT_CONVERSION = YES;
				CLANG_WARN_OBJC_ROOT_CLASS = YES_ERROR;
				CLANG_WARN_SUSPICIOUS_MOVES = YES;
				CLANG_WARN_UNREACHABLE_CODE = YES;
				CLANG_WARN__DUPLICATE_METHOD_MATCH = YES;
				"CODE_SIGN_IDENTITY[sdk=iphoneos*]" = "iPhone Developer";
				COPY_PHASE_STRIP = NO;
				DEBUG_INFORMATION_FORMAT = "dwarf-with-dsym";
				ENABLE_NS_ASSERTIONS = NO;
				ENABLE_STRICT_OBJC_MSGSEND = YES;
				GCC_C_LANGUAGE_STANDARD = gnu99;
				GCC_NO_COMMON_BLOCKS = YES;
				GCC_WARN_64_TO_32_BIT_CONVERSION = YES;
				GCC_WARN_ABOUT_RETURN_TYPE = YES_ERROR;
				GCC_WARN_UNDECLARED_SELECTOR = YES;
				GCC_WARN_UNINITIALIZED_AUTOS = YES_AGGRESSIVE;
				GCC_WARN_UNUSED_FUNCTION = YES;
				GCC_WARN_UNUSED_VARIABLE = YES;
				IPHONEOS_DEPLOYMENT_TARGET = 10.1;
				MTL_ENABLE_DEBUG_INFO = NO;
				SDKROOT = iphoneos;
				TARGETED_DEVICE_FAMILY = "1,2";
				VALIDATE_PRODUCT = YES;
			};
			name = Release;
		};
		745A82821E8A51ED00E87A7B /* Debug */ = {
			isa = XCBuildConfiguration;
			buildSettings = {
				ASSETCATALOG_COMPILER_APPICON_NAME = AppIcon;
				DEVELOPMENT_TEAM = FSR27WJ762;
				INFOPLIST_FILE = Testgihub/Info.plist;
				LD_RUNPATH_SEARCH_PATHS = "$(inherited) @executable_path/Frameworks";
				PRODUCT_BUNDLE_IDENTIFIER = wu.Testgihub;
				PRODUCT_NAME = "$(TARGET_NAME)";
			};
			name = Debug;
		};
		745A82831E8A51ED00E87A7B /* Release */ = {
			isa = XCBuildConfiguration;
			buildSettings = {
				ASSETCATALOG_COMPILER_APPICON_NAME = AppIcon;
				DEVELOPMENT_TEAM = FSR27WJ762;
				INFOPLIST_FILE = Testgihub/Info.plist;
				LD_RUNPATH_SEARCH_PATHS = "$(inherited) @executable_path/Frameworks";
				PRODUCT_BUNDLE_IDENTIFIER = wu.Testgihub;
				PRODUCT_NAME = "$(TARGET_NAME)";
			};
			name = Release;
		};
/* End XCBuildConfiguration section */

/* Begin XCConfigurationList section */
		745A82651E8A51EC00E87A7B /* Build configuration list for PBXProject "Testgihub" */ = {
			isa = XCConfigurationList;
			buildConfigurations = (
				745A827F1E8A51ED00E87A7B /* Debug */,
				745A82801E8A51ED00E87A7B /* Release */,
			);
			defaultConfigurationIsVisible = 0;
			defaultConfigurationName = Release;
		};
		745A82811E8A51ED00E87A7B /* Build configuration list for PBXNativeTarget "Testgihub" */ = {
			isa = XCConfigurationList;
			buildConfigurations = (
				745A82821E8A51ED00E87A7B /* Debug */,
				745A82831E8A51ED00E87A7B /* Release */,
			);
			defaultConfigurationIsVisible = 0;
		};
/* End XCConfigurationList section */
	};
	rootObject = 745A82621E8A51EB00E87A7B /* Project object */;
}
